// !$*UTF8*$!
{
	archiveVersion = 1;
	classes = {
	};
	objectVersion = 46;
	objects = {

/* Begin PBXBuildFile section */
		290D7DCF13B346E30084B90F /* Cocoa.framework in Frameworks */ = {isa = PBXBuildFile; fileRef = 290D7DCE13B346E30084B90F /* Cocoa.framework */; };
		290D7DD913B346E30084B90F /* InfoPlist.strings in Resources */ = {isa = PBXBuildFile; fileRef = 290D7DD713B346E30084B90F /* InfoPlist.strings */; };
		290D7DDC13B346E30084B90F /* main.m in Sources */ = {isa = PBXBuildFile; fileRef = 290D7DDB13B346E30084B90F /* main.m */; };
		290D7DDF13B346E30084B90F /* Credits.rtf in Resources */ = {isa = PBXBuildFile; fileRef = 290D7DDD13B346E30084B90F /* Credits.rtf */; };
		290D7DE213B346E30084B90F /* CafeWatcherAppDelegate.m in Sources */ = {isa = PBXBuildFile; fileRef = 290D7DE113B346E30084B90F /* CafeWatcherAppDelegate.m */; };
		290D7DE513B346E30084B90F /* MainMenu.xib in Resources */ = {isa = PBXBuildFile; fileRef = 290D7DE313B346E30084B90F /* MainMenu.xib */; };
		290D7DED13B34FD80084B90F /* MainWindow.m in Sources */ = {isa = PBXBuildFile; fileRef = 290D7DEC13B34FD80084B90F /* MainWindow.m */; };
		2957828613B955C800C1BD73 /* SCEvent.m in Sources */ = {isa = PBXBuildFile; fileRef = 2957828213B955C800C1BD73 /* SCEvent.m */; };
		2957828713B955C800C1BD73 /* SCEvents.m in Sources */ = {isa = PBXBuildFile; fileRef = 2957828513B955C800C1BD73 /* SCEvents.m */; };
		298D4DC513B6689A000BB705 /* LogWindow.m in Sources */ = {isa = PBXBuildFile; fileRef = 298D4DC413B6689A000BB705 /* LogWindow.m */; };
		299FB2C613B39B0E00203488 /* Watcher.m in Sources */ = {isa = PBXBuildFile; fileRef = 299FB2C513B39B0E00203488 /* Watcher.m */; };
		29A409E413B834EF00082EE0 /* Growl.framework in Frameworks */ = {isa = PBXBuildFile; fileRef = 29A409E313B834EF00082EE0 /* Growl.framework */; settings = {ATTRIBUTES = (Required, ); }; };
		29A409E713B8351C00082EE0 /* Growl.framework in CopyFiles */ = {isa = PBXBuildFile; fileRef = 29A409E313B834EF00082EE0 /* Growl.framework */; };
		29A409EB13B8390500082EE0 /* Growl Registration Ticket.growlRegDict in Resources */ = {isa = PBXBuildFile; fileRef = 29A409EA13B8390500082EE0 /* Growl Registration Ticket.growlRegDict */; };
		29A409F213B8591500082EE0 /* accepted_48.png in Resources */ = {isa = PBXBuildFile; fileRef = 29A409F013B8591500082EE0 /* accepted_48.png */; };
		29A409F313B8591500082EE0 /* cancel_48.png in Resources */ = {isa = PBXBuildFile; fileRef = 29A409F113B8591500082EE0 /* cancel_48.png */; };
/* End PBXBuildFile section */

/* Begin PBXCopyFilesBuildPhase section */
		29A409E613B8351400082EE0 /* CopyFiles */ = {
			isa = PBXCopyFilesBuildPhase;
			buildActionMask = 2147483647;
			dstPath = "";
			dstSubfolderSpec = 10;
			files = (
				29A409E713B8351C00082EE0 /* Growl.framework in CopyFiles */,
			);
			runOnlyForDeploymentPostprocessing = 0;
		};
/* End PBXCopyFilesBuildPhase section */

/* Begin PBXFileReference section */
		290D7DCA13B346E30084B90F /* Café Watcher.app */ = {isa = PBXFileReference; explicitFileType = wrapper.application; includeInIndex = 0; name = "Café Watcher.app"; path = "Café Watcher.app"; sourceTree = BUILT_PRODUCTS_DIR; };
		290D7DCE13B346E30084B90F /* Cocoa.framework */ = {isa = PBXFileReference; lastKnownFileType = wrapper.framework; name = Cocoa.framework; path = System/Library/Frameworks/Cocoa.framework; sourceTree = SDKROOT; };
		290D7DD113B346E30084B90F /* AppKit.framework */ = {isa = PBXFileReference; lastKnownFileType = wrapper.framework; name = AppKit.framework; path = System/Library/Frameworks/AppKit.framework; sourceTree = SDKROOT; };
		290D7DD213B346E30084B90F /* CoreData.framework */ = {isa = PBXFileReference; lastKnownFileType = wrapper.framework; name = CoreData.framework; path = System/Library/Frameworks/CoreData.framework; sourceTree = SDKROOT; };
		290D7DD313B346E30084B90F /* Foundation.framework */ = {isa = PBXFileReference; lastKnownFileType = wrapper.framework; name = Foundation.framework; path = System/Library/Frameworks/Foundation.framework; sourceTree = SDKROOT; };
		290D7DD613B346E30084B90F /* CafeWatcher-Info.plist */ = {isa = PBXFileReference; lastKnownFileType = text.plist.xml; path = "CafeWatcher-Info.plist"; sourceTree = "<group>"; };
		290D7DD813B346E30084B90F /* en */ = {isa = PBXFileReference; lastKnownFileType = text.plist.strings; name = en; path = en.lproj/InfoPlist.strings; sourceTree = "<group>"; };
		290D7DDA13B346E30084B90F /* CafeWatcher-Prefix.pch */ = {isa = PBXFileReference; lastKnownFileType = sourcecode.c.h; path = "CafeWatcher-Prefix.pch"; sourceTree = "<group>"; };
		290D7DDB13B346E30084B90F /* main.m */ = {isa = PBXFileReference; lastKnownFileType = sourcecode.c.objc; path = main.m; sourceTree = "<group>"; };
		290D7DDE13B346E30084B90F /* en */ = {isa = PBXFileReference; lastKnownFileType = text.rtf; name = en; path = en.lproj/Credits.rtf; sourceTree = "<group>"; };
		290D7DE013B346E30084B90F /* CafeWatcherAppDelegate.h */ = {isa = PBXFileReference; lastKnownFileType = sourcecode.c.h; path = CafeWatcherAppDelegate.h; sourceTree = "<group>"; };
		290D7DE113B346E30084B90F /* CafeWatcherAppDelegate.m */ = {isa = PBXFileReference; fileEncoding = 4; lastKnownFileType = sourcecode.c.objc; path = CafeWatcherAppDelegate.m; sourceTree = "<group>"; };
		290D7DE413B346E30084B90F /* en */ = {isa = PBXFileReference; lastKnownFileType = file.xib; name = en; path = en.lproj/MainMenu.xib; sourceTree = "<group>"; };
		290D7DEB13B34FD80084B90F /* MainWindow.h */ = {isa = PBXFileReference; fileEncoding = 4; lastKnownFileType = sourcecode.c.h; path = MainWindow.h; sourceTree = "<group>"; };
		290D7DEC13B34FD80084B90F /* MainWindow.m */ = {isa = PBXFileReference; fileEncoding = 4; lastKnownFileType = sourcecode.c.objc; path = MainWindow.m; sourceTree = "<group>"; };
		2957828113B955C800C1BD73 /* SCEvent.h */ = {isa = PBXFileReference; fileEncoding = 4; lastKnownFileType = sourcecode.c.h; name = SCEvent.h; path = SCEvents/SCEvent.h; sourceTree = "<group>"; };
		2957828213B955C800C1BD73 /* SCEvent.m */ = {isa = PBXFileReference; fileEncoding = 4; lastKnownFileType = sourcecode.c.objc; name = SCEvent.m; path = SCEvents/SCEvent.m; sourceTree = "<group>"; };
		2957828313B955C800C1BD73 /* SCEventListenerProtocol.h */ = {isa = PBXFileReference; fileEncoding = 4; lastKnownFileType = sourcecode.c.h; name = SCEventListenerProtocol.h; path = SCEvents/SCEventListenerProtocol.h; sourceTree = "<group>"; };
		2957828413B955C800C1BD73 /* SCEvents.h */ = {isa = PBXFileReference; fileEncoding = 4; lastKnownFileType = sourcecode.c.h; name = SCEvents.h; path = SCEvents/SCEvents.h; sourceTree = "<group>"; };
		2957828513B955C800C1BD73 /* SCEvents.m */ = {isa = PBXFileReference; fileEncoding = 4; lastKnownFileType = sourcecode.c.objc; name = SCEvents.m; path = SCEvents/SCEvents.m; sourceTree = "<group>"; };
		298D4DC313B6689A000BB705 /* LogWindow.h */ = {isa = PBXFileReference; fileEncoding = 4; lastKnownFileType = sourcecode.c.h; name = LogWindow.h; path = ../../../../../../Users/hiko/Dropbox/Projects/CafeWatcher/CafeWatcher/LogWindow.h; sourceTree = "<group>"; };
		298D4DC413B6689A000BB705 /* LogWindow.m */ = {isa = PBXFileReference; fileEncoding = 4; lastKnownFileType = sourcecode.c.objc; name = LogWindow.m; path = ../../../../../../Users/hiko/Dropbox/Projects/CafeWatcher/CafeWatcher/LogWindow.m; sourceTree = "<group>"; };
		299FB2C413B39B0E00203488 /* Watcher.h */ = {isa = PBXFileReference; fileEncoding = 4; lastKnownFileType = sourcecode.c.h; name = Watcher.h; path = ../../../../../../Users/hiko/Dropbox/Projects/CafeWatcher/CafeWatcher/Watcher.h; sourceTree = "<group>"; };
		299FB2C513B39B0E00203488 /* Watcher.m */ = {isa = PBXFileReference; fileEncoding = 4; lastKnownFileType = sourcecode.c.objc; name = Watcher.m; path = ../../../../../../Users/hiko/Dropbox/Projects/CafeWatcher/CafeWatcher/Watcher.m; sourceTree = "<group>"; };
		29A409E313B834EF00082EE0 /* Growl.framework */ = {isa = PBXFileReference; lastKnownFileType = wrapper.framework; name = Growl.framework; path = CafeWatcher/Growl.framework; sourceTree = "<group>"; };
		29A409EA13B8390500082EE0 /* Growl Registration Ticket.growlRegDict */ = {isa = PBXFileReference; fileEncoding = 4; lastKnownFileType = file.bplist; path = "Growl Registration Ticket.growlRegDict"; sourceTree = "<group>"; };
		29A409F013B8591500082EE0 /* accepted_48.png */ = {isa = PBXFileReference; lastKnownFileType = image.png; path = accepted_48.png; sourceTree = "<group>"; };
		29A409F113B8591500082EE0 /* cancel_48.png */ = {isa = PBXFileReference; lastKnownFileType = image.png; path = cancel_48.png; sourceTree = "<group>"; };
/* End PBXFileReference section */

/* Begin PBXFrameworksBuildPhase section */
		290D7DC713B346E30084B90F /* Frameworks */ = {
			isa = PBXFrameworksBuildPhase;
			buildActionMask = 2147483647;
			files = (
				290D7DCF13B346E30084B90F /* Cocoa.framework in Frameworks */,
				29A409E413B834EF00082EE0 /* Growl.framework in Frameworks */,
			);
			runOnlyForDeploymentPostprocessing = 0;
		};
/* End PBXFrameworksBuildPhase section */

/* Begin PBXGroup section */
		290D7DBF13B346E30084B90F = {
			isa = PBXGroup;
			children = (
				290D7DD413B346E30084B90F /* CafeWatcher */,
				290D7DCD13B346E30084B90F /* Frameworks */,
				290D7DCB13B346E30084B90F /* Products */,
			);
			sourceTree = "<group>";
		};
		290D7DCB13B346E30084B90F /* Products */ = {
			isa = PBXGroup;
			children = (
				290D7DCA13B346E30084B90F /* Café Watcher.app */,
			);
			name = Products;
			sourceTree = "<group>";
		};
		290D7DCD13B346E30084B90F /* Frameworks */ = {
			isa = PBXGroup;
			children = (
				29A409E313B834EF00082EE0 /* Growl.framework */,
				290D7DCE13B346E30084B90F /* Cocoa.framework */,
				290D7DD013B346E30084B90F /* Other Frameworks */,
			);
			name = Frameworks;
			sourceTree = "<group>";
		};
		290D7DD013B346E30084B90F /* Other Frameworks */ = {
			isa = PBXGroup;
			children = (
				290D7DD113B346E30084B90F /* AppKit.framework */,
				290D7DD213B346E30084B90F /* CoreData.framework */,
				290D7DD313B346E30084B90F /* Foundation.framework */,
			);
			name = "Other Frameworks";
			sourceTree = "<group>";
		};
		290D7DD413B346E30084B90F /* CafeWatcher */ = {
			isa = PBXGroup;
			children = (
				290D7DE013B346E30084B90F /* CafeWatcherAppDelegate.h */,
				290D7DE113B346E30084B90F /* CafeWatcherAppDelegate.m */,
				290D7DE313B346E30084B90F /* MainMenu.xib */,
				290D7DEB13B34FD80084B90F /* MainWindow.h */,
				290D7DEC13B34FD80084B90F /* MainWindow.m */,
				299FB2C413B39B0E00203488 /* Watcher.h */,
				299FB2C513B39B0E00203488 /* Watcher.m */,
				298D4DC313B6689A000BB705 /* LogWindow.h */,
				298D4DC413B6689A000BB705 /* LogWindow.m */,
				2957827F13B955B100C1BD73 /* SCEvent */,
				290D7DD513B346E30084B90F /* Supporting Files */,
			);
			path = CafeWatcher;
			sourceTree = "<group>";
		};
		290D7DD513B346E30084B90F /* Supporting Files */ = {
			isa = PBXGroup;
			children = (
				29A409EA13B8390500082EE0 /* Growl Registration Ticket.growlRegDict */,
				29A409F013B8591500082EE0 /* accepted_48.png */,
				29A409F113B8591500082EE0 /* cancel_48.png */,
				290D7DD613B346E30084B90F /* CafeWatcher-Info.plist */,
				290D7DD713B346E30084B90F /* InfoPlist.strings */,
				290D7DDA13B346E30084B90F /* CafeWatcher-Prefix.pch */,
				290D7DDB13B346E30084B90F /* main.m */,
				290D7DDD13B346E30084B90F /* Credits.rtf */,
			);
			name = "Supporting Files";
			sourceTree = "<group>";
		};
		2957827F13B955B100C1BD73 /* SCEvent */ = {
			isa = PBXGroup;
			children = (
				2957828113B955C800C1BD73 /* SCEvent.h */,
				2957828213B955C800C1BD73 /* SCEvent.m */,
				2957828413B955C800C1BD73 /* SCEvents.h */,
				2957828513B955C800C1BD73 /* SCEvents.m */,
				2957828313B955C800C1BD73 /* SCEventListenerProtocol.h */,
			);
			name = SCEvent;
			sourceTree = "<group>";
		};
/* End PBXGroup section */

/* Begin PBXNativeTarget section */
		290D7DC913B346E30084B90F /* CafeWatcher */ = {
			isa = PBXNativeTarget;
			buildConfigurationList = 290D7DE813B346E30084B90F /* Build configuration list for PBXNativeTarget "CafeWatcher" */;
			buildPhases = (
				290D7DC613B346E30084B90F /* Sources */,
				290D7DC713B346E30084B90F /* Frameworks */,
				290D7DC813B346E30084B90F /* Resources */,
				29A409E613B8351400082EE0 /* CopyFiles */,
			);
			buildRules = (
			);
			dependencies = (
			);
			name = CafeWatcher;
			productName = CafeWatcher;
			productReference = 290D7DCA13B346E30084B90F /* Café Watcher.app */;
			productType = "com.apple.product-type.application";
		};
/* End PBXNativeTarget section */

/* Begin PBXProject section */
		290D7DC113B346E30084B90F /* Project object */ = {
			isa = PBXProject;
			attributes = {
				ORGANIZATIONNAME = "Katamari Inc.";
			};
			buildConfigurationList = 290D7DC413B346E30084B90F /* Build configuration list for PBXProject "CafeWatcher" */;
			compatibilityVersion = "Xcode 3.2";
			developmentRegion = English;
			hasScannedForEncodings = 0;
			knownRegions = (
				en,
			);
			mainGroup = 290D7DBF13B346E30084B90F;
			productRefGroup = 290D7DCB13B346E30084B90F /* Products */;
			projectDirPath = "";
			projectRoot = "";
			targets = (
				290D7DC913B346E30084B90F /* CafeWatcher */,
			);
		};
/* End PBXProject section */

/* Begin PBXResourcesBuildPhase section */
		290D7DC813B346E30084B90F /* Resources */ = {
			isa = PBXResourcesBuildPhase;
			buildActionMask = 2147483647;
			files = (
				290D7DD913B346E30084B90F /* InfoPlist.strings in Resources */,
				290D7DDF13B346E30084B90F /* Credits.rtf in Resources */,
				290D7DE513B346E30084B90F /* MainMenu.xib in Resources */,
				29A409EB13B8390500082EE0 /* Growl Registration Ticket.growlRegDict in Resources */,
				29A409F213B8591500082EE0 /* accepted_48.png in Resources */,
				29A409F313B8591500082EE0 /* cancel_48.png in Resources */,
			);
			runOnlyForDeploymentPostprocessing = 0;
		};
/* End PBXResourcesBuildPhase section */

/* Begin PBXSourcesBuildPhase section */
		290D7DC613B346E30084B90F /* Sources */ = {
			isa = PBXSourcesBuildPhase;
			buildActionMask = 2147483647;
			files = (
				290D7DDC13B346E30084B90F /* main.m in Sources */,
				290D7DE213B346E30084B90F /* CafeWatcherAppDelegate.m in Sources */,
				290D7DED13B34FD80084B90F /* MainWindow.m in Sources */,
				299FB2C613B39B0E00203488 /* Watcher.m in Sources */,
				298D4DC513B6689A000BB705 /* LogWindow.m in Sources */,
				2957828613B955C800C1BD73 /* SCEvent.m in Sources */,
				2957828713B955C800C1BD73 /* SCEvents.m in Sources */,
			);
			runOnlyForDeploymentPostprocessing = 0;
		};
/* End PBXSourcesBuildPhase section */

/* Begin PBXVariantGroup section */
		290D7DD713B346E30084B90F /* InfoPlist.strings */ = {
			isa = PBXVariantGroup;
			children = (
				290D7DD813B346E30084B90F /* en */,
			);
			name = InfoPlist.strings;
			sourceTree = "<group>";
		};
		290D7DDD13B346E30084B90F /* Credits.rtf */ = {
			isa = PBXVariantGroup;
			children = (
				290D7DDE13B346E30084B90F /* en */,
			);
			name = Credits.rtf;
			sourceTree = "<group>";
		};
		290D7DE313B346E30084B90F /* MainMenu.xib */ = {
			isa = PBXVariantGroup;
			children = (
				290D7DE413B346E30084B90F /* en */,
			);
			name = MainMenu.xib;
			sourceTree = "<group>";
		};
/* End PBXVariantGroup section */

/* Begin XCBuildConfiguration section */
		290D7DE613B346E30084B90F /* Debug */ = {
			isa = XCBuildConfiguration;
			buildSettings = {
				ARCHS = "$(ARCHS_STANDARD_32_64_BIT)";
				GCC_C_LANGUAGE_STANDARD = gnu99;
				GCC_OPTIMIZATION_LEVEL = 0;
				GCC_PREPROCESSOR_DEFINITIONS = DEBUG;
				GCC_SYMBOLS_PRIVATE_EXTERN = NO;
				GCC_VERSION = com.apple.compilers.llvm.clang.1_0;
				GCC_WARN_64_TO_32_BIT_CONVERSION = YES;
				GCC_WARN_ABOUT_RETURN_TYPE = YES;
				GCC_WARN_UNUSED_VARIABLE = YES;
				MACOSX_DEPLOYMENT_TARGET = 10.6;
				ONLY_ACTIVE_ARCH = YES;
				SDKROOT = macosx;
			};
			name = Debug;
		};
		290D7DE713B346E30084B90F /* Release */ = {
			isa = XCBuildConfiguration;
			buildSettings = {
				ARCHS = "$(ARCHS_STANDARD_32_64_BIT)";
				GCC_C_LANGUAGE_STANDARD = gnu99;
				GCC_VERSION = com.apple.compilers.llvm.clang.1_0;
				GCC_WARN_64_TO_32_BIT_CONVERSION = YES;
				GCC_WARN_ABOUT_RETURN_TYPE = YES;
				GCC_WARN_UNUSED_VARIABLE = YES;
				MACOSX_DEPLOYMENT_TARGET = 10.6;
				SDKROOT = macosx;
			};
			name = Release;
		};
		290D7DE913B346E30084B90F /* Debug */ = {
			isa = XCBuildConfiguration;
			buildSettings = {
				ALWAYS_SEARCH_USER_PATHS = NO;
				COPY_PHASE_STRIP = NO;
				FRAMEWORK_SEARCH_PATHS = (
					"$(inherited)",
					"\"$(SRCROOT)/CafeWatcher\"",
				);
				GCC_DYNAMIC_NO_PIC = NO;
				GCC_ENABLE_OBJC_EXCEPTIONS = YES;
				GCC_PRECOMPILE_PREFIX_HEADER = YES;
				GCC_PREFIX_HEADER = "CafeWatcher/CafeWatcher-Prefix.pch";
				INFOPLIST_FILE = "CafeWatcher/CafeWatcher-Info.plist";
				PRODUCT_NAME = "Café Watcher";
				WRAPPER_EXTENSION = app;
			};
			name = Debug;
		};
		290D7DEA13B346E30084B90F /* Release */ = {
			isa = XCBuildConfiguration;
			buildSettings = {
				ALWAYS_SEARCH_USER_PATHS = NO;
				COPY_PHASE_STRIP = YES;
				DEBUG_INFORMATION_FORMAT = "dwarf-with-dsym";
				FRAMEWORK_SEARCH_PATHS = (
					"$(inherited)",
					"\"$(SRCROOT)/CafeWatcher\"",
				);
				GCC_ENABLE_OBJC_EXCEPTIONS = YES;
				GCC_PRECOMPILE_PREFIX_HEADER = YES;
				GCC_PREFIX_HEADER = "CafeWatcher/CafeWatcher-Prefix.pch";
				INFOPLIST_FILE = "CafeWatcher/CafeWatcher-Info.plist";
				PRODUCT_NAME = "Café Watcher";
				WRAPPER_EXTENSION = app;
			};
			name = Release;
		};
/* End XCBuildConfiguration section */

/* Begin XCConfigurationList section */
		290D7DC413B346E30084B90F /* Build configuration list for PBXProject "CafeWatcher" */ = {
			isa = XCConfigurationList;
			buildConfigurations = (
				290D7DE613B346E30084B90F /* Debug */,
				290D7DE713B346E30084B90F /* Release */,
			);
			defaultConfigurationIsVisible = 0;
			defaultConfigurationName = Release;
		};
		290D7DE813B346E30084B90F /* Build configuration list for PBXNativeTarget "CafeWatcher" */ = {
			isa = XCConfigurationList;
			buildConfigurations = (
				290D7DE913B346E30084B90F /* Debug */,
				290D7DEA13B346E30084B90F /* Release */,
			);
			defaultConfigurationIsVisible = 0;
			defaultConfigurationName = Release;
		};
/* End XCConfigurationList section */
	};
	rootObject = 290D7DC113B346E30084B90F /* Project object */;
}
